
Microsoft Visual Studio Solution File, Format Version 12.00
# Visual Studio Version 17
VisualStudioVersion = 17.5.33516.290
MinimumVisualStudioVersion = 10.0.40219.1
Project("{FAE04EC0-301F-11D3-BF4B-00C04F79EFBC}") = "webbanvlxd", "webbanvlxd\webbanvlxd.csproj", "{C1C18ABB-2EF5-460F-A289-D04C1F217E04}"
EndProject
Global
	GlobalSection(SolutionConfigurationPlatforms) = preSolution
		Debug|Any CPU = Debug|Any CPU
		Release|Any CPU = Release|Any CPU
	EndGlobalSection
	GlobalSection(ProjectConfigurationPlatforms) = postSolution
		{C1C18ABB-2EF5-460F-A289-D04C1F217E04}.Debug|Any CPU.ActiveCfg = Debug|Any CPU
		{C1C18ABB-2EF5-460F-A289-D04C1F217E04}.Debug|Any CPU.Build.0 = Debug|Any CPU
		{C1C18ABB-2EF5-460F-A289-D04C1F217E04}.Release|Any CPU.ActiveCfg = Release|Any CPU
		{C1C18ABB-2EF5-460F-A289-D04C1F217E04}.Release|Any CPU.Build.0 = Release|Any CPU
	EndGlobalSection
	GlobalSection(SolutionProperties) = preSolution
		HideSolutionNode = FALSE
	EndGlobalSection
	GlobalSection(ExtensibilityGlobals) = postSolution
		SolutionGuid = {C24629F6-E42A-4153-89D4-A676D2A5589C}
	EndGlobalSection
EndGlobal
